Microsoft Visual Studio Solution File, Format Version 12.00
# Visual Studio 2012
Project("{FAE04EC0-301F-11D3-BF4B-00C04F79EFBC}") = "Squash the Creeps (3D)- starter project", "Squash the Creeps (3D)- starter project.csproj", "{4D7703EF-3228-4E7E-928B-ECFD3BB1C22C}"
EndProject
Global
	GlobalSection(SolutionConfigurationPlatforms) = preSolution
	Debug|Any CPU = Debug|Any CPU
	ExportDebug|Any CPU = ExportDebug|Any CPU
	ExportRelease|Any CPU = ExportRelease|Any CPU
	EndGlobalSection
	GlobalSection(ProjectConfigurationPlatforms) = postSolution
		{4D7703EF-3228-4E7E-928B-ECFD3BB1C22C}.Debug|Any CPU.ActiveCfg = Debug|Any CPU
		{4D7703EF-3228-4E7E-928B-ECFD3BB1C22C}.Debug|Any CPU.Build.0 = Debug|Any CPU
		{4D7703EF-3228-4E7E-928B-ECFD3BB1C22C}.ExportDebug|Any CPU.ActiveCfg = ExportDebug|Any CPU
		{4D7703EF-3228-4E7E-928B-ECFD3BB1C22C}.ExportDebug|Any CPU.Build.0 = ExportDebug|Any CPU
		{4D7703EF-3228-4E7E-928B-ECFD3BB1C22C}.ExportRelease|Any CPU.ActiveCfg = ExportRelease|Any CPU
		{4D7703EF-3228-4E7E-928B-ECFD3BB1C22C}.ExportRelease|Any CPU.Build.0 = ExportRelease|Any CPU
	EndGlobalSection
EndGlobal
